{
  "nodes": {
    "flake-parts": {
      "inputs": {
        "nixpkgs-lib": "nixpkgs-lib"
      },
      "locked": {
        "lastModified": 1670441596,
        "narHash": "sha256-+T487QnluBT5F9tVk0chG/zzv+9zzTrx3o7rlOBK7ps=",
        "owner": "hercules-ci",
        "repo": "flake-parts",
        "rev": "8d0e2444ab05f79df93b70e5e497f8c708eb6b9b",
        "type": "github"
      },
      "original": {
        "owner": "hercules-ci",
        "repo": "flake-parts",
        "type": "github"
      }
    },
    "nixpkgs": {
      "locked": {
        "lastModified": 1671227771,
        "narHash": "sha256-bvd+/B9s1/PNspr4LTZ0ErlB8g3CBw1HRRJEGG06IOo=",
        "owner": "NixOS",
        "repo": "nixpkgs",
        "rev": "71849c5fd292a66f1c29fad2c050998b2debffcd",
        "type": "github"
      },
      "original": {
        "owner": "NixOS",
        "ref": "master",
        "repo": "nixpkgs",
        "type": "github"
      }
    },
    "nixpkgs-lib": {
      "locked": {
        "dir": "lib",
        "lastModified": 1665349835,
        "narHash": "sha256-UK4urM3iN80UXQ7EaOappDzcisYIuEURFRoGQ/yPkug=",
        "owner": "NixOS",
        "repo": "nixpkgs",
        "rev": "34c5293a71ffdb2fe054eb5288adc1882c1eb0b1",
        "type": "github"
      },
      "original": {
        "dir": "lib",
        "owner": "NixOS",
        "ref": "nixos-unstable",
        "repo": "nixpkgs",
        "type": "github"
      }
    },
    "root": {
      "inputs": {
        "flake-parts": "flake-parts",
        "nixpkgs": "nixpkgs"
      }
    }
  },
  "root": "root",
  "version": 7
}
